<?xml version="1.0" encoding="UTF-8" standalone="yes" ?>
<CodeBlocks_project_file>
	<FileVersion major="1" minor="6" />
	<Project>
		<Option title="nachos" />
		<Option makefile_is_custom="1" />
		<Option execution_dir="../../code" />
		<Option pch_mode="2" />
		<Option compiler="gcc" />
		<Build>
			<Target title="Debug">
				<Option output="bin/Debug/nachos" prefix_auto="1" extension_auto="1" />
				<Option object_output="obj/Debug/" />
				<Option type="1" />
				<Option compiler="gcc" />
				<Compiler>
					<Add option="-g" />
				</Compiler>
			</Target>
			<Target title="Release">
				<Option output="bin/Release/nachos" prefix_auto="1" extension_auto="1" />
				<Option object_output="obj/Release/" />
				<Option type="1" />
				<Option compiler="gcc" />
				<Compiler>
					<Add option="-O2" />
				</Compiler>
				<Linker>
					<Add option="-s" />
				</Linker>
			</Target>
			<Target title="Threads">
				<Option output="../threads/nachos" prefix_auto="1" extension_auto="1" />
				<Option type="1" />
				<Option compiler="gcc" />
				<MakeCommands>
					<Build command="$make -f $makefile" />
					<CompileFile command="$make -f $makefile $file" />
					<Clean command="$make -f $makefile clean" />
					<DistClean command="$make -f $makefile distclean$target" />
					<AskRebuildNeeded command="$make -q -f $makefile" />
					<SilentBuild command="$make -f $makefile &gt; $(CMD_NULL)" />
				</MakeCommands>
			</Target>
		</Build>
		<Compiler>
			<Add option="-Wall" />
		</Compiler>
		<Unit filename="../Makefile">
			<Option target="Debug" />
			<Option target="Release" />
		</Unit>
		<Unit filename="../Makefile.common">
			<Option target="Debug" />
			<Option target="Release" />
		</Unit>
		<Unit filename="../Makefile.dep">
			<Option target="Debug" />
			<Option target="Release" />
		</Unit>
		<Unit filename="../bin/Makefile">
			<Option target="Debug" />
			<Option target="Release" />
		</Unit>
		<Unit filename="../bin/coff.h">
			<Option target="Debug" />
			<Option target="Release" />
		</Unit>
		<Unit filename="../bin/coff2flat.c">
			<Option compilerVar="CC" />
			<Option target="Debug" />
			<Option target="Release" />
		</Unit>
		<Unit filename="../bin/coff2noff">
			<Option target="Debug" />
			<Option target="Release" />
		</Unit>
		<Unit filename="../bin/coff2noff.c">
			<Option compilerVar="CC" />
			<Option target="Debug" />
			<Option target="Release" />
		</Unit>
		<Unit filename="../bin/coff2noff.o">
			<Option target="Debug" />
			<Option target="Release" />
		</Unit>
		<Unit filename="../bin/d.c">
			<Option compilerVar="CC" />
			<Option target="Debug" />
			<Option target="Release" />
		</Unit>
		<Unit filename="../bin/disasm.c">
			<Option compilerVar="CC" />
			<Option target="Debug" />
			<Option target="Release" />
		</Unit>
		<Unit filename="../bin/encode.h">
			<Option target="Debug" />
			<Option target="Release" />
		</Unit>
		<Unit filename="../bin/execute.c">
			<Option compilerVar="CC" />
			<Option target="Debug" />
			<Option target="Release" />
		</Unit>
		<Unit filename="../bin/halt">
			<Option target="Debug" />
			<Option target="Release" />
		</Unit>
		<Unit filename="../bin/instr.h">
			<Option target="Debug" />
			<Option target="Release" />
		</Unit>
		<Unit filename="../bin/int.h">
			<Option target="Debug" />
			<Option target="Release" />
		</Unit>
		<Unit filename="../bin/main.c">
			<Option compilerVar="CC" />
			<Option target="Debug" />
			<Option target="Release" />
		</Unit>
		<Unit filename="../bin/noff.h">
			<Option target="Debug" />
			<Option target="Release" />
		</Unit>
		<Unit filename="../bin/opstrings.c">
			<Option compilerVar="CC" />
			<Option target="Debug" />
			<Option target="Release" />
		</Unit>
		<Unit filename="../bin/out.c">
			<Option compilerVar="CC" />
			<Option target="Debug" />
			<Option target="Release" />
		</Unit>
		<Unit filename="../bin/system.c">
			<Option compilerVar="CC" />
			<Option target="Debug" />
			<Option target="Release" />
		</Unit>
		<Unit filename="../filesys/Makefile">
			<Option target="Debug" />
			<Option target="Release" />
		</Unit>
		<Unit filename="../filesys/addrspace.o">
			<Option target="Debug" />
			<Option target="Release" />
		</Unit>
		<Unit filename="../filesys/bitmap.o">
			<Option target="Debug" />
			<Option target="Release" />
		</Unit>
		<Unit filename="../filesys/console.o">
			<Option target="Debug" />
			<Option target="Release" />
		</Unit>
		<Unit filename="../filesys/directory.cc">
			<Option target="Debug" />
			<Option target="Release" />
		</Unit>
		<Unit filename="../filesys/directory.h">
			<Option target="Debug" />
			<Option target="Release" />
		</Unit>
		<Unit filename="../filesys/directory.o">
			<Option target="Debug" />
			<Option target="Release" />
		</Unit>
		<Unit filename="../filesys/disk.o">
			<Option target="Debug" />
			<Option target="Release" />
		</Unit>
		<Unit filename="../filesys/exception.o">
			<Option target="Debug" />
			<Option target="Release" />
		</Unit>
		<Unit filename="../filesys/filehdr.cc">
			<Option target="Debug" />
			<Option target="Release" />
		</Unit>
		<Unit filename="../filesys/filehdr.h">
			<Option target="Debug" />
			<Option target="Release" />
		</Unit>
		<Unit filename="../filesys/filehdr.o">
			<Option target="Debug" />
			<Option target="Release" />
		</Unit>
		<Unit filename="../filesys/filesys.cc">
			<Option target="Debug" />
			<Option target="Release" />
		</Unit>
		<Unit filename="../filesys/filesys.h">
			<Option target="Debug" />
			<Option target="Release" />
		</Unit>
		<Unit filename="../filesys/filesys.o">
			<Option target="Debug" />
			<Option target="Release" />
		</Unit>
		<Unit filename="../filesys/fstest.cc">
			<Option target="Debug" />
			<Option target="Release" />
		</Unit>
		<Unit filename="../filesys/fstest.o">
			<Option target="Debug" />
			<Option target="Release" />
		</Unit>
		<Unit filename="../filesys/interrupt.o">
			<Option target="Debug" />
			<Option target="Release" />
		</Unit>
		<Unit filename="../filesys/list.o">
			<Option target="Debug" />
			<Option target="Release" />
		</Unit>
		<Unit filename="../filesys/machine.o">
			<Option target="Debug" />
			<Option target="Release" />
		</Unit>
		<Unit filename="../filesys/main.o">
			<Option target="Debug" />
			<Option target="Release" />
		</Unit>
		<Unit filename="../filesys/mipssim.o">
			<Option target="Debug" />
			<Option target="Release" />
		</Unit>
		<Unit filename="../filesys/nachos">
			<Option target="Debug" />
			<Option target="Release" />
		</Unit>
		<Unit filename="../filesys/openfile.cc">
			<Option target="Debug" />
			<Option target="Release" />
		</Unit>
		<Unit filename="../filesys/openfile.h">
			<Option target="Debug" />
			<Option target="Release" />
		</Unit>
		<Unit filename="../filesys/openfile.o">
			<Option target="Debug" />
			<Option target="Release" />
		</Unit>
		<Unit filename="../filesys/progtest.o">
			<Option target="Debug" />
			<Option target="Release" />
		</Unit>
		<Unit filename="../filesys/scheduler.o">
			<Option target="Debug" />
			<Option target="Release" />
		</Unit>
		<Unit filename="../filesys/stats.o">
			<Option target="Debug" />
			<Option target="Release" />
		</Unit>
		<Unit filename="../filesys/switch.o">
			<Option target="Debug" />
			<Option target="Release" />
		</Unit>
		<Unit filename="../filesys/swtch.s">
			<Option target="Debug" />
			<Option target="Release" />
		</Unit>
		<Unit filename="../filesys/synch.o">
			<Option target="Debug" />
			<Option target="Release" />
		</Unit>
		<Unit filename="../filesys/synchdisk.cc">
			<Option target="Debug" />
			<Option target="Release" />
		</Unit>
		<Unit filename="../filesys/synchdisk.h">
			<Option target="Debug" />
			<Option target="Release" />
		</Unit>
		<Unit filename="../filesys/synchdisk.o">
			<Option target="Debug" />
			<Option target="Release" />
		</Unit>
		<Unit filename="../filesys/synchlist.o">
			<Option target="Debug" />
			<Option target="Release" />
		</Unit>
		<Unit filename="../filesys/sysdep.o">
			<Option target="Debug" />
			<Option target="Release" />
		</Unit>
		<Unit filename="../filesys/system.o">
			<Option target="Debug" />
			<Option target="Release" />
		</Unit>
		<Unit filename="../filesys/test/big">
			<Option target="Debug" />
			<Option target="Release" />
		</Unit>
		<Unit filename="../filesys/test/medium">
			<Option target="Debug" />
			<Option target="Release" />
		</Unit>
		<Unit filename="../filesys/test/small">
			<Option target="Debug" />
			<Option target="Release" />
		</Unit>
		<Unit filename="../filesys/thread.o">
			<Option target="Debug" />
			<Option target="Release" />
		</Unit>
		<Unit filename="../filesys/threadtest.o">
			<Option target="Debug" />
			<Option target="Release" />
		</Unit>
		<Unit filename="../filesys/timer.o">
			<Option target="Debug" />
			<Option target="Release" />
		</Unit>
		<Unit filename="../filesys/translate.o">
			<Option target="Debug" />
			<Option target="Release" />
		</Unit>
		<Unit filename="../filesys/utility.o">
			<Option target="Debug" />
			<Option target="Release" />
		</Unit>
		<Unit filename="../machine/console.cc">
			<Option target="Debug" />
			<Option target="Release" />
		</Unit>
		<Unit filename="../machine/console.h">
			<Option target="Debug" />
			<Option target="Release" />
		</Unit>
		<Unit filename="../machine/disk.cc">
			<Option target="Debug" />
			<Option target="Release" />
		</Unit>
		<Unit filename="../machine/disk.h">
			<Option target="Debug" />
			<Option target="Release" />
		</Unit>
		<Unit filename="../machine/interrupt.cc">
			<Option target="Debug" />
			<Option target="Release" />
		</Unit>
		<Unit filename="../machine/interrupt.h">
			<Option target="Debug" />
			<Option target="Release" />
		</Unit>
		<Unit filename="../machine/machine.cc">
			<Option target="Debug" />
			<Option target="Release" />
		</Unit>
		<Unit filename="../machine/machine.h">
			<Option target="Debug" />
			<Option target="Release" />
		</Unit>
		<Unit filename="../machine/mipssim.cc">
			<Option target="Debug" />
			<Option target="Release" />
		</Unit>
		<Unit filename="../machine/mipssim.h">
			<Option target="Debug" />
			<Option target="Release" />
		</Unit>
		<Unit filename="../machine/network.cc">
			<Option target="Debug" />
			<Option target="Release" />
		</Unit>
		<Unit filename="../machine/network.h">
			<Option target="Debug" />
			<Option target="Release" />
		</Unit>
		<Unit filename="../machine/stats.cc">
			<Option target="Debug" />
			<Option target="Release" />
		</Unit>
		<Unit filename="../machine/stats.h">
			<Option target="Debug" />
			<Option target="Release" />
		</Unit>
		<Unit filename="../machine/sysdep.cc">
			<Option target="Debug" />
			<Option target="Release" />
		</Unit>
		<Unit filename="../machine/sysdep.h">
			<Option target="Debug" />
			<Option target="Release" />
		</Unit>
		<Unit filename="../machine/timer.cc">
			<Option target="Debug" />
			<Option target="Release" />
		</Unit>
		<Unit filename="../machine/timer.h">
			<Option target="Debug" />
			<Option target="Release" />
		</Unit>
		<Unit filename="../machine/translate.cc">
			<Option target="Debug" />
			<Option target="Release" />
		</Unit>
		<Unit filename="../machine/translate.h">
			<Option target="Debug" />
			<Option target="Release" />
		</Unit>
		<Unit filename="../network/DISK">
			<Option target="Debug" />
			<Option target="Release" />
		</Unit>
		<Unit filename="../network/Makefile">
			<Option target="Debug" />
			<Option target="Release" />
		</Unit>
		<Unit filename="../network/README">
			<Option target="Debug" />
			<Option target="Release" />
		</Unit>
		<Unit filename="../network/addrspace.o">
			<Option target="Debug" />
			<Option target="Release" />
		</Unit>
		<Unit filename="../network/bitmap.o">
			<Option target="Debug" />
			<Option target="Release" />
		</Unit>
		<Unit filename="../network/console.o">
			<Option target="Debug" />
			<Option target="Release" />
		</Unit>
		<Unit filename="../network/directory.o">
			<Option target="Debug" />
			<Option target="Release" />
		</Unit>
		<Unit filename="../network/disk.o">
			<Option target="Debug" />
			<Option target="Release" />
		</Unit>
		<Unit filename="../network/exception.o">
			<Option target="Debug" />
			<Option target="Release" />
		</Unit>
		<Unit filename="../network/filehdr.o">
			<Option target="Debug" />
			<Option target="Release" />
		</Unit>
		<Unit filename="../network/filesys.o">
			<Option target="Debug" />
			<Option target="Release" />
		</Unit>
		<Unit filename="../network/fstest.o">
			<Option target="Debug" />
			<Option target="Release" />
		</Unit>
		<Unit filename="../network/interrupt.o">
			<Option target="Debug" />
			<Option target="Release" />
		</Unit>
		<Unit filename="../network/list.o">
			<Option target="Debug" />
			<Option target="Release" />
		</Unit>
		<Unit filename="../network/machine.o">
			<Option target="Debug" />
			<Option target="Release" />
		</Unit>
		<Unit filename="../network/main.o">
			<Option target="Debug" />
			<Option target="Release" />
		</Unit>
		<Unit filename="../network/mipssim.o">
			<Option target="Debug" />
			<Option target="Release" />
		</Unit>
		<Unit filename="../network/nachos">
			<Option target="Debug" />
			<Option target="Release" />
		</Unit>
		<Unit filename="../network/nettest.cc">
			<Option target="Debug" />
			<Option target="Release" />
		</Unit>
		<Unit filename="../network/nettest.o">
			<Option target="Debug" />
			<Option target="Release" />
		</Unit>
		<Unit filename="../network/network.o">
			<Option target="Debug" />
			<Option target="Release" />
		</Unit>
		<Unit filename="../network/openfile.o">
			<Option target="Debug" />
			<Option target="Release" />
		</Unit>
		<Unit filename="../network/post.cc">
			<Option target="Debug" />
			<Option target="Release" />
		</Unit>
		<Unit filename="../network/post.h">
			<Option target="Debug" />
			<Option target="Release" />
		</Unit>
		<Unit filename="../network/post.o">
			<Option target="Debug" />
			<Option target="Release" />
		</Unit>
		<Unit filename="../network/progtest.o">
			<Option target="Debug" />
			<Option target="Release" />
		</Unit>
		<Unit filename="../network/scheduler.o">
			<Option target="Debug" />
			<Option target="Release" />
		</Unit>
		<Unit filename="../network/stats.o">
			<Option target="Debug" />
			<Option target="Release" />
		</Unit>
		<Unit filename="../network/switch.o">
			<Option target="Debug" />
			<Option target="Release" />
		</Unit>
		<Unit filename="../network/swtch.s">
			<Option target="Debug" />
			<Option target="Release" />
		</Unit>
		<Unit filename="../network/synch.o">
			<Option target="Debug" />
			<Option target="Release" />
		</Unit>
		<Unit filename="../network/synchdisk.o">
			<Option target="Debug" />
			<Option target="Release" />
		</Unit>
		<Unit filename="../network/synchlist.o">
			<Option target="Debug" />
			<Option target="Release" />
		</Unit>
		<Unit filename="../network/sysdep.o">
			<Option target="Debug" />
			<Option target="Release" />
		</Unit>
		<Unit filename="../network/system.o">
			<Option target="Debug" />
			<Option target="Release" />
		</Unit>
		<Unit filename="../network/thread.o">
			<Option target="Debug" />
			<Option target="Release" />
		</Unit>
		<Unit filename="../network/threadtest.o">
			<Option target="Debug" />
			<Option target="Release" />
		</Unit>
		<Unit filename="../network/timer.o">
			<Option target="Debug" />
			<Option target="Release" />
		</Unit>
		<Unit filename="../network/translate.o">
			<Option target="Debug" />
			<Option target="Release" />
		</Unit>
		<Unit filename="../network/utility.o">
			<Option target="Debug" />
			<Option target="Release" />
		</Unit>
		<Unit filename="../test/Makefile">
			<Option target="Debug" />
			<Option target="Release" />
		</Unit>
		<Unit filename="../test/halt">
			<Option target="Debug" />
			<Option target="Release" />
		</Unit>
		<Unit filename="../test/halt.c">
			<Option compilerVar="CC" />
			<Option target="Debug" />
			<Option target="Release" />
		</Unit>
		<Unit filename="../test/halt.coff">
			<Option target="Debug" />
			<Option target="Release" />
		</Unit>
		<Unit filename="../test/halt.o">
			<Option target="Debug" />
			<Option target="Release" />
		</Unit>
		<Unit filename="../test/matmult">
			<Option target="Debug" />
			<Option target="Release" />
		</Unit>
		<Unit filename="../test/matmult.c">
			<Option compilerVar="CC" />
			<Option target="Debug" />
			<Option target="Release" />
		</Unit>
		<Unit filename="../test/matmult.coff">
			<Option target="Debug" />
			<Option target="Release" />
		</Unit>
		<Unit filename="../test/matmult.o">
			<Option target="Debug" />
			<Option target="Release" />
		</Unit>
		<Unit filename="../test/script">
			<Option target="Debug" />
			<Option target="Release" />
		</Unit>
		<Unit filename="../test/shell">
			<Option target="Debug" />
			<Option target="Release" />
		</Unit>
		<Unit filename="../test/shell.c">
			<Option compilerVar="CC" />
			<Option target="Debug" />
			<Option target="Release" />
		</Unit>
		<Unit filename="../test/shell.coff">
			<Option target="Debug" />
			<Option target="Release" />
		</Unit>
		<Unit filename="../test/shell.o">
			<Option target="Debug" />
			<Option target="Release" />
		</Unit>
		<Unit filename="../test/sort">
			<Option target="Debug" />
			<Option target="Release" />
		</Unit>
		<Unit filename="../test/sort.c">
			<Option compilerVar="CC" />
			<Option target="Debug" />
			<Option target="Release" />
		</Unit>
		<Unit filename="../test/sort.coff">
			<Option target="Debug" />
			<Option target="Release" />
		</Unit>
		<Unit filename="../test/sort.o">
			<Option target="Debug" />
			<Option target="Release" />
		</Unit>
		<Unit filename="../test/start.c">
			<Option compilerVar="CC" />
			<Option target="Debug" />
			<Option target="Release" />
		</Unit>
		<Unit filename="../test/start.o">
			<Option target="Debug" />
			<Option target="Release" />
		</Unit>
		<Unit filename="../test/start.s">
			<Option target="Debug" />
			<Option target="Release" />
		</Unit>
		<Unit filename="../threads/BoundedBuffer.cc" />
		<Unit filename="../threads/BoundedBuffer.h" />
		<Unit filename="../threads/Makefile">
			<Option target="Debug" />
			<Option target="Release" />
		</Unit>
		<Unit filename="../threads/Table.cc" />
		<Unit filename="../threads/Table.h" />
		<Unit filename="../threads/bool.h" />
		<Unit filename="../threads/copyright.h" />
		<Unit filename="../threads/dllist-driver.cc" />
		<Unit filename="../threads/dllist.cc" />
		<Unit filename="../threads/dllist.h" />
		<Unit filename="../threads/helloworld.cc" />
		<Unit filename="../threads/helloworld.h" />
		<Unit filename="../threads/helloworld.o">
			<Option target="Debug" />
			<Option target="Release" />
		</Unit>
		<Unit filename="../threads/interrupt.o">
			<Option target="Debug" />
			<Option target="Release" />
		</Unit>
		<Unit filename="../threads/list.cc" />
		<Unit filename="../threads/list.h" />
		<Unit filename="../threads/list.o">
			<Option target="Debug" />
			<Option target="Release" />
		</Unit>
		<Unit filename="../threads/main.cc" />
		<Unit filename="../threads/main.o">
			<Option target="Debug" />
			<Option target="Release" />
		</Unit>
		<Unit filename="../threads/nachos">
			<Option target="Debug" />
			<Option target="Release" />
		</Unit>
		<Unit filename="../threads/scheduler.cc" />
		<Unit filename="../threads/scheduler.h" />
		<Unit filename="../threads/scheduler.o">
			<Option target="Debug" />
			<Option target="Release" />
		</Unit>
		<Unit filename="../threads/stats.o">
			<Option target="Debug" />
			<Option target="Release" />
		</Unit>
		<Unit filename="../threads/stdarg.h" />
		<Unit filename="../threads/switch-old.s" />
		<Unit filename="../threads/switch.c">
			<Option compilerVar="CC" />
		</Unit>
		<Unit filename="../threads/switch.h" />
		<Unit filename="../threads/switch.o">
			<Option target="Debug" />
			<Option target="Release" />
		</Unit>
		<Unit filename="../threads/switch.s" />
		<Unit filename="../threads/swtch.s" />
		<Unit filename="../threads/synch.cc" />
		<Unit filename="../threads/synch.dis">
			<Option target="Debug" />
			<Option target="Release" />
		</Unit>
		<Unit filename="../threads/synch.h" />
		<Unit filename="../threads/synch.o">
			<Option target="Debug" />
			<Option target="Release" />
		</Unit>
		<Unit filename="../threads/synchlist.cc" />
		<Unit filename="../threads/synchlist.h" />
		<Unit filename="../threads/synchlist.o">
			<Option target="Debug" />
			<Option target="Release" />
		</Unit>
		<Unit filename="../threads/sysdep.o">
			<Option target="Debug" />
			<Option target="Release" />
		</Unit>
		<Unit filename="../threads/system.cc" />
		<Unit filename="../threads/system.h" />
		<Unit filename="../threads/system.o">
			<Option target="Debug" />
			<Option target="Release" />
		</Unit>
		<Unit filename="../threads/thread.cc" />
		<Unit filename="../threads/thread.h" />
		<Unit filename="../threads/thread.o">
			<Option target="Debug" />
			<Option target="Release" />
		</Unit>
		<Unit filename="../threads/threadtest.cc" />
		<Unit filename="../threads/threadtest.o">
			<Option target="Debug" />
			<Option target="Release" />
		</Unit>
		<Unit filename="../threads/timer.o">
			<Option target="Debug" />
			<Option target="Release" />
		</Unit>
		<Unit filename="../threads/utility.cc" />
		<Unit filename="../threads/utility.h" />
		<Unit filename="../threads/utility.o">
			<Option target="Debug" />
			<Option target="Release" />
		</Unit>
		<Unit filename="../userprog/Makefile">
			<Option target="Debug" />
			<Option target="Release" />
		</Unit>
		<Unit filename="../userprog/addrspace.cc">
			<Option target="Debug" />
			<Option target="Release" />
		</Unit>
		<Unit filename="../userprog/addrspace.h">
			<Option target="Debug" />
			<Option target="Release" />
		</Unit>
		<Unit filename="../userprog/addrspace.o">
			<Option target="Debug" />
			<Option target="Release" />
		</Unit>
		<Unit filename="../userprog/bitmap.cc">
			<Option target="Debug" />
			<Option target="Release" />
		</Unit>
		<Unit filename="../userprog/bitmap.h">
			<Option target="Debug" />
			<Option target="Release" />
		</Unit>
		<Unit filename="../userprog/bitmap.o">
			<Option target="Debug" />
			<Option target="Release" />
		</Unit>
		<Unit filename="../userprog/console.o">
			<Option target="Debug" />
			<Option target="Release" />
		</Unit>
		<Unit filename="../userprog/exception.cc">
			<Option target="Debug" />
			<Option target="Release" />
		</Unit>
		<Unit filename="../userprog/exception.o">
			<Option target="Debug" />
			<Option target="Release" />
		</Unit>
		<Unit filename="../userprog/interrupt.o">
			<Option target="Debug" />
			<Option target="Release" />
		</Unit>
		<Unit filename="../userprog/list.o">
			<Option target="Debug" />
			<Option target="Release" />
		</Unit>
		<Unit filename="../userprog/machine.o">
			<Option target="Debug" />
			<Option target="Release" />
		</Unit>
		<Unit filename="../userprog/main.o">
			<Option target="Debug" />
			<Option target="Release" />
		</Unit>
		<Unit filename="../userprog/mipssim.o">
			<Option target="Debug" />
			<Option target="Release" />
		</Unit>
		<Unit filename="../userprog/nachos">
			<Option target="Debug" />
			<Option target="Release" />
		</Unit>
		<Unit filename="../userprog/progtest.cc">
			<Option target="Debug" />
			<Option target="Release" />
		</Unit>
		<Unit filename="../userprog/progtest.o">
			<Option target="Debug" />
			<Option target="Release" />
		</Unit>
		<Unit filename="../userprog/scheduler.o">
			<Option target="Debug" />
			<Option target="Release" />
		</Unit>
		<Unit filename="../userprog/stats.o">
			<Option target="Debug" />
			<Option target="Release" />
		</Unit>
		<Unit filename="../userprog/switch.o">
			<Option target="Debug" />
			<Option target="Release" />
		</Unit>
		<Unit filename="../userprog/swtch.s">
			<Option target="Debug" />
			<Option target="Release" />
		</Unit>
		<Unit filename="../userprog/synch.o">
			<Option target="Debug" />
			<Option target="Release" />
		</Unit>
		<Unit filename="../userprog/synchlist.o">
			<Option target="Debug" />
			<Option target="Release" />
		</Unit>
		<Unit filename="../userprog/syscall.h">
			<Option target="Debug" />
			<Option target="Release" />
		</Unit>
		<Unit filename="../userprog/sysdep.o">
			<Option target="Debug" />
			<Option target="Release" />
		</Unit>
		<Unit filename="../userprog/system.o">
			<Option target="Debug" />
			<Option target="Release" />
		</Unit>
		<Unit filename="../userprog/thread.o">
			<Option target="Debug" />
			<Option target="Release" />
		</Unit>
		<Unit filename="../userprog/threadtest.o">
			<Option target="Debug" />
			<Option target="Release" />
		</Unit>
		<Unit filename="../userprog/timer.o">
			<Option target="Debug" />
			<Option target="Release" />
		</Unit>
		<Unit filename="../userprog/translate.o">
			<Option target="Debug" />
			<Option target="Release" />
		</Unit>
		<Unit filename="../userprog/utility.o">
			<Option target="Debug" />
			<Option target="Release" />
		</Unit>
		<Unit filename="../vm/Makefile">
			<Option target="Debug" />
			<Option target="Release" />
		</Unit>
		<Unit filename="../vm/addrspace.o">
			<Option target="Debug" />
			<Option target="Release" />
		</Unit>
		<Unit filename="../vm/bitmap.o">
			<Option target="Debug" />
			<Option target="Release" />
		</Unit>
		<Unit filename="../vm/console.o">
			<Option target="Debug" />
			<Option target="Release" />
		</Unit>
		<Unit filename="../vm/exception.o">
			<Option target="Debug" />
			<Option target="Release" />
		</Unit>
		<Unit filename="../vm/interrupt.o">
			<Option target="Debug" />
			<Option target="Release" />
		</Unit>
		<Unit filename="../vm/list.o">
			<Option target="Debug" />
			<Option target="Release" />
		</Unit>
		<Unit filename="../vm/machine.o">
			<Option target="Debug" />
			<Option target="Release" />
		</Unit>
		<Unit filename="../vm/main.o">
			<Option target="Debug" />
			<Option target="Release" />
		</Unit>
		<Unit filename="../vm/mipssim.o">
			<Option target="Debug" />
			<Option target="Release" />
		</Unit>
		<Unit filename="../vm/nachos">
			<Option target="Debug" />
			<Option target="Release" />
		</Unit>
		<Unit filename="../vm/progtest.o">
			<Option target="Debug" />
			<Option target="Release" />
		</Unit>
		<Unit filename="../vm/scheduler.o">
			<Option target="Debug" />
			<Option target="Release" />
		</Unit>
		<Unit filename="../vm/stats.o">
			<Option target="Debug" />
			<Option target="Release" />
		</Unit>
		<Unit filename="../vm/switch.o">
			<Option target="Debug" />
			<Option target="Release" />
		</Unit>
		<Unit filename="../vm/swtch.s">
			<Option target="Debug" />
			<Option target="Release" />
		</Unit>
		<Unit filename="../vm/synch.o">
			<Option target="Debug" />
			<Option target="Release" />
		</Unit>
		<Unit filename="../vm/synchlist.o">
			<Option target="Debug" />
			<Option target="Release" />
		</Unit>
		<Unit filename="../vm/sysdep.o">
			<Option target="Debug" />
			<Option target="Release" />
		</Unit>
		<Unit filename="../vm/system.o">
			<Option target="Debug" />
			<Option target="Release" />
		</Unit>
		<Unit filename="../vm/thread.o">
			<Option target="Debug" />
			<Option target="Release" />
		</Unit>
		<Unit filename="../vm/threadtest.o">
			<Option target="Debug" />
			<Option target="Release" />
		</Unit>
		<Unit filename="../vm/timer.o">
			<Option target="Debug" />
			<Option target="Release" />
		</Unit>
		<Unit filename="../vm/translate.o">
			<Option target="Debug" />
			<Option target="Release" />
		</Unit>
		<Unit filename="../vm/utility.o">
			<Option target="Debug" />
			<Option target="Release" />
		</Unit>
		<Extensions>
			<code_completion />
			<debugger />
			<envvars />
		</Extensions>
	</Project>
</CodeBlocks_project_file>
